
Microsoft Visual Studio Solution File, Format Version 12.00
# Visual Studio Version 16
VisualStudioVersion = 16.0.32413.511
MinimumVisualStudioVersion = 10.0.40219.1
Project("{FAE04EC0-301F-11D3-BF4B-00C04F79EFBC}") = "WebDemo", "WebDemo.csproj", "{C7FE8F7C-00D1-4DC7-9E34-6385EE7B7104}"
EndProject
Global
	GlobalSection(SolutionConfigurationPlatforms) = preSolution
		Debug|Any CPU = Debug|Any CPU
		Release|Any CPU = Release|Any CPU
	EndGlobalSection
	GlobalSection(ProjectConfigurationPlatforms) = postSolution
		{C7FE8F7C-00D1-4DC7-9E34-6385EE7B7104}.Debug|Any CPU.ActiveCfg = Debug|Any CPU
		{C7FE8F7C-00D1-4DC7-9E34-6385EE7B7104}.Debug|Any CPU.Build.0 = Debug|Any CPU
		{C7FE8F7C-00D1-4DC7-9E34-6385EE7B7104}.Release|Any CPU.ActiveCfg = Release|Any CPU
		{C7FE8F7C-00D1-4DC7-9E34-6385EE7B7104}.Release|Any CPU.Build.0 = Release|Any CPU
	EndGlobalSection
	GlobalSection(SolutionProperties) = preSolution
		HideSolutionNode = FALSE
	EndGlobalSection
	GlobalSection(ExtensibilityGlobals) = postSolution
		SolutionGuid = {A918617A-9713-4505-8B6F-EC5D6B9F9B78}
	EndGlobalSection
EndGlobal
